---
schema-version: v1.2.9
id: W3Cpointerlock
title:
- content: Pointer Lock
  format: text/plain
link:
- content: http://www.w3.org/TR/pointerlock/
  type: src
type: standard
docid:
- id: W3C pointerlock
  type: W3C
  primary: true
docnumber: pointerlock
contributor:
- organization:
    name:
    - content: World Wide Web Consortium
    abbreviation:
      content: W3C
    url: https://www.w3.org/
  role:
  - type: publisher
language:
- en
script:
- Latn
docstatus:
  stage:
    value: Working Draft
relation:
- type: hasEdition
  bibitem:
    id: W3CWD-pointerlock-20131031
    link:
    - content: http://www.w3.org/TR/2013/WD-pointerlock-20131031/
      type: src
    docid:
    - id: W3C WD-pointerlock-20131031
      type: W3C
      primary: true
    formattedref:
      content: W3C WD-pointerlock-20131031
      format: text/plain
- type: instanceOf
  bibitem:
    id: W3CCR-pointerlock-20131217
    link:
    - content: http://www.w3.org/TR/2013/CR-pointerlock-20131217/
      type: src
    docid:
    - id: W3C CR-pointerlock-20131217
      type: W3C
      primary: true
    formattedref:
      content: W3C CR-pointerlock-20131217
      format: text/plain
series:
- title:
    content: W3C WD
    format: text/plain
  number: pointerlock
doctype:
  type: technicalReport
ext:
  schema-version: v1.0.0
