---
schema-version: v1.2.9
id: W3Cscreen-wake-lock
title:
- content: Screen Wake Lock API
  format: text/plain
link:
- content: https://www.w3.org/TR/screen-wake-lock/
  type: src
type: standard
docid:
- id: W3C screen-wake-lock
  type: W3C
  primary: true
docnumber: screen-wake-lock
contributor:
- organization:
    name:
    - content: World Wide Web Consortium
    abbreviation:
      content: W3C
    url: https://www.w3.org/
  role:
  - type: publisher
language:
- en
script:
- Latn
relation:
- type: hasEdition
  bibitem:
    id: W3CWD-screen-wake-lock-20241024
    title:
    - content: Screen Wake Lock API
      format: text/plain
    link:
    - content: https://www.w3.org/TR/2024/WD-screen-wake-lock-20241024/
      type: src
    docid:
    - id: W3C WD-screen-wake-lock-20241024
      type: W3C
      primary: true
- type: hasEdition
  bibitem:
    id: W3CWD-screen-wake-lock-20240527
    title:
    - content: Screen Wake Lock API
      format: text/plain
    link:
    - content: https://www.w3.org/TR/2024/WD-screen-wake-lock-20240527/
      type: src
    docid:
    - id: W3C WD-screen-wake-lock-20240527
      type: W3C
      primary: true
- type: hasEdition
  bibitem:
    id: W3CWD-screen-wake-lock-20240411
    title:
    - content: Screen Wake Lock API
      format: text/plain
    link:
    - content: https://www.w3.org/TR/2024/WD-screen-wake-lock-20240411/
      type: src
    docid:
    - id: W3C WD-screen-wake-lock-20240411
      type: W3C
      primary: true
- type: hasEdition
  bibitem:
    id: W3CWD-screen-wake-lock-20231107
    title:
    - content: Screen Wake Lock API
      format: text/plain
    link:
    - content: https://www.w3.org/TR/2023/WD-screen-wake-lock-20231107/
      type: src
    docid:
    - id: W3C WD-screen-wake-lock-20231107
      type: W3C
      primary: true
- type: hasEdition
  bibitem:
    id: W3CWD-screen-wake-lock-20230719
    title:
    - content: Screen Wake Lock API
      format: text/plain
    link:
    - content: https://www.w3.org/TR/2023/WD-screen-wake-lock-20230719/
      type: src
    docid:
    - id: W3C WD-screen-wake-lock-20230719
      type: W3C
      primary: true
- type: hasEdition
  bibitem:
    id: W3CWD-screen-wake-lock-20230714
    title:
    - content: Screen Wake Lock API
      format: text/plain
    link:
    - content: https://www.w3.org/TR/2023/WD-screen-wake-lock-20230714/
      type: src
    docid:
    - id: W3C WD-screen-wake-lock-20230714
      type: W3C
      primary: true
- type: hasEdition
  bibitem:
    id: W3CWD-screen-wake-lock-20230406
    title:
    - content: Screen Wake Lock API
      format: text/plain
    link:
    - content: https://www.w3.org/TR/2023/WD-screen-wake-lock-20230406/
      type: src
    docid:
    - id: W3C WD-screen-wake-lock-20230406
      type: W3C
      primary: true
- type: hasEdition
  bibitem:
    id: W3CWD-screen-wake-lock-20221123
    title:
    - content: Screen Wake Lock API
      format: text/plain
    link:
    - content: https://www.w3.org/TR/2022/WD-screen-wake-lock-20221123/
      type: src
    docid:
    - id: W3C WD-screen-wake-lock-20221123
      type: W3C
      primary: true
- type: hasEdition
  bibitem:
    id: W3CWD-screen-wake-lock-20221122
    title:
    - content: Screen Wake Lock API
      format: text/plain
    link:
    - content: https://www.w3.org/TR/2022/WD-screen-wake-lock-20221122/
      type: src
    docid:
    - id: W3C WD-screen-wake-lock-20221122
      type: W3C
      primary: true
- type: hasEdition
  bibitem:
    id: W3CWD-screen-wake-lock-20220928
    title:
    - content: Screen Wake Lock API
      format: text/plain
    link:
    - content: https://www.w3.org/TR/2022/WD-screen-wake-lock-20220928/
      type: src
    docid:
    - id: W3C WD-screen-wake-lock-20220928
      type: W3C
      primary: true
- type: hasEdition
  bibitem:
    id: W3CWD-screen-wake-lock-20220916
    title:
    - content: Screen Wake Lock API
      format: text/plain
    link:
    - content: https://www.w3.org/TR/2022/WD-screen-wake-lock-20220916/
      type: src
    docid:
    - id: W3C WD-screen-wake-lock-20220916
      type: W3C
      primary: true
- type: hasEdition
  bibitem:
    id: W3CWD-screen-wake-lock-20211207
    title:
    - content: Screen Wake Lock API
      format: text/plain
    link:
    - content: https://www.w3.org/TR/2021/WD-screen-wake-lock-20211207/
      type: src
    docid:
    - id: W3C WD-screen-wake-lock-20211207
      type: W3C
      primary: true
- type: hasEdition
  bibitem:
    id: W3CWD-screen-wake-lock-20210930
    title:
    - content: Screen Wake Lock API
      format: text/plain
    link:
    - content: https://www.w3.org/TR/2021/WD-screen-wake-lock-20210930/
      type: src
    docid:
    - id: W3C WD-screen-wake-lock-20210930
      type: W3C
      primary: true
- type: hasEdition
  bibitem:
    id: W3CWD-screen-wake-lock-20210909
    title:
    - content: Screen Wake Lock API
      format: text/plain
    link:
    - content: https://www.w3.org/TR/2021/WD-screen-wake-lock-20210909/
      type: src
    docid:
    - id: W3C WD-screen-wake-lock-20210909
      type: W3C
      primary: true
- type: hasEdition
  bibitem:
    id: W3CWD-screen-wake-lock-20210826
    title:
    - content: Screen Wake Lock API
      format: text/plain
    link:
    - content: https://www.w3.org/TR/2021/WD-screen-wake-lock-20210826/
      type: src
    docid:
    - id: W3C WD-screen-wake-lock-20210826
      type: W3C
      primary: true
- type: hasEdition
  bibitem:
    id: W3CWD-screen-wake-lock-20210629
    title:
    - content: Screen Wake Lock API
      format: text/plain
    link:
    - content: https://www.w3.org/TR/2021/WD-screen-wake-lock-20210629/
      type: src
    docid:
    - id: W3C WD-screen-wake-lock-20210629
      type: W3C
      primary: true
- type: hasEdition
  bibitem:
    id: W3CWD-screen-wake-lock-20210624
    title:
    - content: Screen Wake Lock API
      format: text/plain
    link:
    - content: https://www.w3.org/TR/2021/WD-screen-wake-lock-20210624/
      type: src
    docid:
    - id: W3C WD-screen-wake-lock-20210624
      type: W3C
      primary: true
- type: hasEdition
  bibitem:
    id: W3CWD-screen-wake-lock-20210607
    title:
    - content: Screen Wake Lock API
      format: text/plain
    link:
    - content: https://www.w3.org/TR/2021/WD-screen-wake-lock-20210607/
      type: src
    docid:
    - id: W3C WD-screen-wake-lock-20210607
      type: W3C
      primary: true
- type: hasEdition
  bibitem:
    id: W3CWD-screen-wake-lock-20210603
    title:
    - content: Screen Wake Lock API
      format: text/plain
    link:
    - content: https://www.w3.org/TR/2021/WD-screen-wake-lock-20210603/
      type: src
    docid:
    - id: W3C WD-screen-wake-lock-20210603
      type: W3C
      primary: true
- type: hasEdition
  bibitem:
    id: W3CWD-screen-wake-lock-20210602
    title:
    - content: Screen Wake Lock API
      format: text/plain
    link:
    - content: https://www.w3.org/TR/2021/WD-screen-wake-lock-20210602/
      type: src
    docid:
    - id: W3C WD-screen-wake-lock-20210602
      type: W3C
      primary: true
- type: hasEdition
  bibitem:
    id: W3CWD-screen-wake-lock-20210601
    title:
    - content: Screen Wake Lock API
      format: text/plain
    link:
    - content: https://www.w3.org/TR/2021/WD-screen-wake-lock-20210601/
      type: src
    docid:
    - id: W3C WD-screen-wake-lock-20210601
      type: W3C
      primary: true
- type: hasEdition
  bibitem:
    id: W3CWD-screen-wake-lock-20200929
    title:
    - content: Screen Wake Lock API
      format: text/plain
    link:
    - content: https://www.w3.org/TR/2020/WD-screen-wake-lock-20200929/
      type: src
    docid:
    - id: W3C WD-screen-wake-lock-20200929
      type: W3C
      primary: true
- type: hasEdition
  bibitem:
    id: W3CCR-wake-lock-20171214
    title:
    - content: Wake Lock API
      format: text/plain
    link:
    - content: https://www.w3.org/TR/2017/CR-wake-lock-20171214/
      type: src
    docid:
    - id: W3C CR-wake-lock-20171214
      type: W3C
      primary: true
- type: hasEdition
  bibitem:
    id: W3CWD-wake-lock-20171204
    title:
    - content: Wake Lock API
      format: text/plain
    link:
    - content: https://www.w3.org/TR/2017/WD-wake-lock-20171204/
      type: src
    docid:
    - id: W3C WD-wake-lock-20171204
      type: W3C
      primary: true
- type: hasEdition
  bibitem:
    id: W3CWD-wake-lock-20171123
    title:
    - content: Wake Lock API
      format: text/plain
    link:
    - content: https://www.w3.org/TR/2017/WD-wake-lock-20171123/
      type: src
    docid:
    - id: W3C WD-wake-lock-20171123
      type: W3C
      primary: true
- type: hasEdition
  bibitem:
    id: W3CWD-wake-lock-20171121
    title:
    - content: Wake Lock API
      format: text/plain
    link:
    - content: https://www.w3.org/TR/2017/WD-wake-lock-20171121/
      type: src
    docid:
    - id: W3C WD-wake-lock-20171121
      type: W3C
      primary: true
- type: hasEdition
  bibitem:
    id: W3CWD-wake-lock-20171120
    title:
    - content: Wake Lock API
      format: text/plain
    link:
    - content: https://www.w3.org/TR/2017/WD-wake-lock-20171120/
      type: src
    docid:
    - id: W3C WD-wake-lock-20171120
      type: W3C
      primary: true
- type: hasEdition
  bibitem:
    id: W3CWD-wake-lock-20170912
    title:
    - content: Wake Lock API
      format: text/plain
    link:
    - content: https://www.w3.org/TR/2017/WD-wake-lock-20170912/
      type: src
    docid:
    - id: W3C WD-wake-lock-20170912
      type: W3C
      primary: true
- type: hasEdition
  bibitem:
    id: W3CWD-wake-lock-20170824
    title:
    - content: Wake Lock API
      format: text/plain
    link:
    - content: https://www.w3.org/TR/2017/WD-wake-lock-20170824/
      type: src
    docid:
    - id: W3C WD-wake-lock-20170824
      type: W3C
      primary: true
- type: hasEdition
  bibitem:
    id: W3CWD-wake-lock-20170724
    title:
    - content: Wake Lock API
      format: text/plain
    link:
    - content: https://www.w3.org/TR/2017/WD-wake-lock-20170724/
      type: src
    docid:
    - id: W3C WD-wake-lock-20170724
      type: W3C
      primary: true
- type: hasEdition
  bibitem:
    id: W3CWD-wake-lock-20170719
    title:
    - content: Wake Lock API
      format: text/plain
    link:
    - content: https://www.w3.org/TR/2017/WD-wake-lock-20170719/
      type: src
    docid:
    - id: W3C WD-wake-lock-20170719
      type: W3C
      primary: true
- type: hasEdition
  bibitem:
    id: W3CWD-wake-lock-20170717
    title:
    - content: Wake Lock API
      format: text/plain
    link:
    - content: https://www.w3.org/TR/2017/WD-wake-lock-20170717/
      type: src
    docid:
    - id: W3C WD-wake-lock-20170717
      type: W3C
      primary: true
- type: hasEdition
  bibitem:
    id: W3CWD-wake-lock-20170629
    title:
    - content: Wake Lock API
      format: text/plain
    link:
    - content: https://www.w3.org/TR/2017/WD-wake-lock-20170629/
      type: src
    docid:
    - id: W3C WD-wake-lock-20170629
      type: W3C
      primary: true
- type: hasEdition
  bibitem:
    id: W3CWD-wake-lock-20170613
    title:
    - content: Wake Lock API
      format: text/plain
    link:
    - content: https://www.w3.org/TR/2017/WD-wake-lock-20170613/
      type: src
    docid:
    - id: W3C WD-wake-lock-20170613
      type: W3C
      primary: true
- type: hasEdition
  bibitem:
    id: W3CWD-wake-lock-20170222
    title:
    - content: Wake Lock API
      format: text/plain
    link:
    - content: https://www.w3.org/TR/2017/WD-wake-lock-20170222/
      type: src
    docid:
    - id: W3C WD-wake-lock-20170222
      type: W3C
      primary: true
- type: hasEdition
  bibitem:
    id: W3CWD-wake-lock-20170215
    title:
    - content: Wake Lock API
      format: text/plain
    link:
    - content: https://www.w3.org/TR/2017/WD-wake-lock-20170215/
      type: src
    docid:
    - id: W3C WD-wake-lock-20170215
      type: W3C
      primary: true
- type: hasEdition
  bibitem:
    id: W3CWD-wake-lock-20170127
    title:
    - content: Wake Lock API
      format: text/plain
    link:
    - content: https://www.w3.org/TR/2017/WD-wake-lock-20170127/
      type: src
    docid:
    - id: W3C WD-wake-lock-20170127
      type: W3C
      primary: true
- type: hasEdition
  bibitem:
    id: W3CWD-wake-lock-20161220
    title:
    - content: Wake Lock API
      format: text/plain
    link:
    - content: https://www.w3.org/TR/2016/WD-wake-lock-20161220/
      type: src
    docid:
    - id: W3C WD-wake-lock-20161220
      type: W3C
      primary: true
- type: hasEdition
  bibitem:
    id: W3CWD-wake-lock-20160803
    title:
    - content: Wake Lock API
      format: text/plain
    link:
    - content: https://www.w3.org/TR/2016/WD-wake-lock-20160803/
      type: src
    docid:
    - id: W3C WD-wake-lock-20160803
      type: W3C
      primary: true
- type: hasEdition
  bibitem:
    id: W3CWD-wake-lock-20160714
    title:
    - content: Wake Lock API
      format: text/plain
    link:
    - content: https://www.w3.org/TR/2016/WD-wake-lock-20160714/
      type: src
    docid:
    - id: W3C WD-wake-lock-20160714
      type: W3C
      primary: true
- type: hasEdition
  bibitem:
    id: W3CWD-wake-lock-20160620
    title:
    - content: Wake Lock API
      format: text/plain
    link:
    - content: https://www.w3.org/TR/2016/WD-wake-lock-20160620/
      type: src
    docid:
    - id: W3C WD-wake-lock-20160620
      type: W3C
      primary: true
- type: hasEdition
  bibitem:
    id: W3CWD-wake-lock-20160617
    title:
    - content: Wake Lock API
      format: text/plain
    link:
    - content: https://www.w3.org/TR/2016/WD-wake-lock-20160617/
      type: src
    docid:
    - id: W3C WD-wake-lock-20160617
      type: W3C
      primary: true
- type: hasEdition
  bibitem:
    id: W3CWD-wake-lock-20160603
    title:
    - content: Wake Lock API
      format: text/plain
    link:
    - content: https://www.w3.org/TR/2016/WD-wake-lock-20160603/
      type: src
    docid:
    - id: W3C WD-wake-lock-20160603
      type: W3C
      primary: true
- type: hasEdition
  bibitem:
    id: W3CWD-wake-lock-20160316
    title:
    - content: Wake Lock API
      format: text/plain
    link:
    - content: https://www.w3.org/TR/2016/WD-wake-lock-20160316/
      type: src
    docid:
    - id: W3C WD-wake-lock-20160316
      type: W3C
      primary: true
- type: hasEdition
  bibitem:
    id: W3CWD-wake-lock-20160129
    title:
    - content: Wake Lock API
      format: text/plain
    link:
    - content: https://www.w3.org/TR/2016/WD-wake-lock-20160129/
      type: src
    docid:
    - id: W3C WD-wake-lock-20160129
      type: W3C
      primary: true
- type: hasEdition
  bibitem:
    id: W3CWD-wake-lock-20150904
    title:
    - content: Wake Lock API
      format: text/plain
    link:
    - content: https://www.w3.org/TR/2015/WD-wake-lock-20150904/
      type: src
    docid:
    - id: W3C WD-wake-lock-20150904
      type: W3C
      primary: true
- type: hasEdition
  bibitem:
    id: W3CWD-wake-lock-20150212
    title:
    - content: Wake Lock API
      format: text/plain
    link:
    - content: https://www.w3.org/TR/2015/WD-wake-lock-20150212/
      type: src
    docid:
    - id: W3C WD-wake-lock-20150212
      type: W3C
      primary: true
series:
- title:
    content: W3C technicalReport
    format: text/plain
  number: screen-wake-lock
ext:
  schema-version: v1.0.0
  doctype:
    type: technicalReport
