---
schema-version: v1.2.8
id: W3Cscreen-wake-lock
title:
- content: Screen Wake Lock API
  format: text/plain
link:
- content: https://www.w3.org/TR/screen-wake-lock/
  type: src
type: standard
docid:
- id: W3C screen-wake-lock
  type: W3C
  primary: true
docnumber: screen-wake-lock
contributor:
- organization:
    name:
    - content: World Wide Web Consortium
    abbreviation:
      content: W3C
    url: https://www.w3.org/
  role:
  - type: publisher
language:
- en
script:
- Latn
docstatus:
  stage:
    value: Working Draft
relation:
- type: instanceOf
  bibitem:
    id: W3CWD-screen-wake-lock-20240527
    docid:
    - id: W3C WD-screen-wake-lock-20240527
      type: W3C
      primary: true
    formattedref:
      content: W3C WD-screen-wake-lock-20240527
      format: text/plain
- type: hasEdition
  bibitem:
    id: W3CWD-screen-wake-lock-20211207
    docid:
    - id: W3C WD-screen-wake-lock-20211207
      type: W3C
      primary: true
    formattedref:
      content: W3C WD-screen-wake-lock-20211207
      format: text/plain
- type: hasEdition
  bibitem:
    id: W3CWD-screen-wake-lock-20200929
    docid:
    - id: W3C WD-screen-wake-lock-20200929
      type: W3C
      primary: true
    formattedref:
      content: W3C WD-screen-wake-lock-20200929
      format: text/plain
series:
- title:
    content: W3C WD
    format: text/plain
  number: screen-wake-lock
doctype:
  type: technicalReport
ext:
  schema-version: v1.0.0
