---
schema-version: v1.2.9
id: W3Cscreen-wake-lock
title:
- content: Screen Wake Lock API
  format: text/plain
link:
- content: https://www.w3.org/TR/screen-wake-lock/
  type: src
type: standard
docid:
- id: W3C screen-wake-lock
  type: W3C
  primary: true
docnumber: screen-wake-lock
contributor:
- organization:
    name:
    - content: World Wide Web Consortium
    abbreviation:
      content: W3C
    url: https://www.w3.org/
  role:
  - type: publisher
language:
- en
script:
- Latn
docstatus:
  stage:
    value: Working Draft
relation:
- type: hasEdition
  bibitem:
    id: W3CWD-screen-wake-lock-20200929
    link:
    - content: https://www.w3.org/TR/2020/WD-screen-wake-lock-20200929/
      type: src
    docid:
    - id: W3C WD-screen-wake-lock-20200929
      type: W3C
      primary: true
    formattedref:
      content: W3C WD-screen-wake-lock-20200929
      format: text/plain
- type: hasEdition
  bibitem:
    id: W3CWD-screen-wake-lock-20210601
    link:
    - content: https://www.w3.org/TR/2021/WD-screen-wake-lock-20210601/
      type: src
    docid:
    - id: W3C WD-screen-wake-lock-20210601
      type: W3C
      primary: true
    formattedref:
      content: W3C WD-screen-wake-lock-20210601
      format: text/plain
- type: hasEdition
  bibitem:
    id: W3CWD-screen-wake-lock-20210603
    link:
    - content: https://www.w3.org/TR/2021/WD-screen-wake-lock-20210603/
      type: src
    docid:
    - id: W3C WD-screen-wake-lock-20210603
      type: W3C
      primary: true
    formattedref:
      content: W3C WD-screen-wake-lock-20210603
      format: text/plain
- type: hasEdition
  bibitem:
    id: W3CWD-screen-wake-lock-20210607
    link:
    - content: https://www.w3.org/TR/2021/WD-screen-wake-lock-20210607/
      type: src
    docid:
    - id: W3C WD-screen-wake-lock-20210607
      type: W3C
      primary: true
    formattedref:
      content: W3C WD-screen-wake-lock-20210607
      format: text/plain
- type: hasEdition
  bibitem:
    id: W3CWD-screen-wake-lock-20210624
    link:
    - content: https://www.w3.org/TR/2021/WD-screen-wake-lock-20210624/
      type: src
    docid:
    - id: W3C WD-screen-wake-lock-20210624
      type: W3C
      primary: true
    formattedref:
      content: W3C WD-screen-wake-lock-20210624
      format: text/plain
- type: hasEdition
  bibitem:
    id: W3CWD-screen-wake-lock-20210629
    link:
    - content: https://www.w3.org/TR/2021/WD-screen-wake-lock-20210629/
      type: src
    docid:
    - id: W3C WD-screen-wake-lock-20210629
      type: W3C
      primary: true
    formattedref:
      content: W3C WD-screen-wake-lock-20210629
      format: text/plain
- type: hasEdition
  bibitem:
    id: W3CWD-screen-wake-lock-20210826
    link:
    - content: https://www.w3.org/TR/2021/WD-screen-wake-lock-20210826/
      type: src
    docid:
    - id: W3C WD-screen-wake-lock-20210826
      type: W3C
      primary: true
    formattedref:
      content: W3C WD-screen-wake-lock-20210826
      format: text/plain
- type: hasEdition
  bibitem:
    id: W3CWD-screen-wake-lock-20210909
    link:
    - content: https://www.w3.org/TR/2021/WD-screen-wake-lock-20210909/
      type: src
    docid:
    - id: W3C WD-screen-wake-lock-20210909
      type: W3C
      primary: true
    formattedref:
      content: W3C WD-screen-wake-lock-20210909
      format: text/plain
- type: hasEdition
  bibitem:
    id: W3CWD-screen-wake-lock-20210930
    link:
    - content: https://www.w3.org/TR/2021/WD-screen-wake-lock-20210930/
      type: src
    docid:
    - id: W3C WD-screen-wake-lock-20210930
      type: W3C
      primary: true
    formattedref:
      content: W3C WD-screen-wake-lock-20210930
      format: text/plain
- type: hasEdition
  bibitem:
    id: W3CWD-screen-wake-lock-20211207
    link:
    - content: https://www.w3.org/TR/2021/WD-screen-wake-lock-20211207/
      type: src
    docid:
    - id: W3C WD-screen-wake-lock-20211207
      type: W3C
      primary: true
    formattedref:
      content: W3C WD-screen-wake-lock-20211207
      format: text/plain
- type: hasEdition
  bibitem:
    id: W3CWD-screen-wake-lock-20220916
    link:
    - content: https://www.w3.org/TR/2022/WD-screen-wake-lock-20220916/
      type: src
    docid:
    - id: W3C WD-screen-wake-lock-20220916
      type: W3C
      primary: true
    formattedref:
      content: W3C WD-screen-wake-lock-20220916
      format: text/plain
- type: hasEdition
  bibitem:
    id: W3CWD-screen-wake-lock-20220928
    link:
    - content: https://www.w3.org/TR/2022/WD-screen-wake-lock-20220928/
      type: src
    docid:
    - id: W3C WD-screen-wake-lock-20220928
      type: W3C
      primary: true
    formattedref:
      content: W3C WD-screen-wake-lock-20220928
      format: text/plain
- type: hasEdition
  bibitem:
    id: W3CWD-screen-wake-lock-20221122
    link:
    - content: https://www.w3.org/TR/2022/WD-screen-wake-lock-20221122/
      type: src
    docid:
    - id: W3C WD-screen-wake-lock-20221122
      type: W3C
      primary: true
    formattedref:
      content: W3C WD-screen-wake-lock-20221122
      format: text/plain
- type: hasEdition
  bibitem:
    id: W3CWD-screen-wake-lock-20221123
    link:
    - content: https://www.w3.org/TR/2022/WD-screen-wake-lock-20221123/
      type: src
    docid:
    - id: W3C WD-screen-wake-lock-20221123
      type: W3C
      primary: true
    formattedref:
      content: W3C WD-screen-wake-lock-20221123
      format: text/plain
- type: hasEdition
  bibitem:
    id: W3CWD-screen-wake-lock-20230406
    link:
    - content: https://www.w3.org/TR/2023/WD-screen-wake-lock-20230406/
      type: src
    docid:
    - id: W3C WD-screen-wake-lock-20230406
      type: W3C
      primary: true
    formattedref:
      content: W3C WD-screen-wake-lock-20230406
      format: text/plain
- type: hasEdition
  bibitem:
    id: W3CWD-screen-wake-lock-20230719
    link:
    - content: https://www.w3.org/TR/2023/WD-screen-wake-lock-20230719/
      type: src
    docid:
    - id: W3C WD-screen-wake-lock-20230719
      type: W3C
      primary: true
    formattedref:
      content: W3C WD-screen-wake-lock-20230719
      format: text/plain
- type: hasEdition
  bibitem:
    id: W3CWD-screen-wake-lock-20240411
    link:
    - content: https://www.w3.org/TR/2024/WD-screen-wake-lock-20240411/
      type: src
    docid:
    - id: W3C WD-screen-wake-lock-20240411
      type: W3C
      primary: true
    formattedref:
      content: W3C WD-screen-wake-lock-20240411
      format: text/plain
- type: instanceOf
  bibitem:
    id: W3CWD-screen-wake-lock-20240527
    link:
    - content: https://www.w3.org/TR/2024/WD-screen-wake-lock-20240527/
      type: src
    docid:
    - id: W3C WD-screen-wake-lock-20240527
      type: W3C
      primary: true
    formattedref:
      content: W3C WD-screen-wake-lock-20240527
      format: text/plain
series:
- title:
    content: W3C WD
    format: text/plain
  number: screen-wake-lock
doctype:
  type: technicalReport
ext:
  schema-version: v1.0.0
