---
schema-version: v1.2.9
id: W3Cwake-lock
title:
- content: Wake Lock API
  format: text/plain
link:
- content: http://www.w3.org/TR/wake-lock/
  type: src
type: standard
docid:
- id: W3C wake-lock
  type: W3C
  primary: true
docnumber: wake-lock
contributor:
- organization:
    name:
    - content: World Wide Web Consortium
    abbreviation:
      content: W3C
    url: https://www.w3.org/
  role:
  - type: publisher
language:
- en
script:
- Latn
docstatus:
  stage:
    value: Working Draft
relation:
- type: hasEdition
  bibitem:
    id: W3CWD-wake-lock-20150212
    link:
    - content: http://www.w3.org/TR/2015/WD-wake-lock-20150212/
      type: src
    docid:
    - id: W3C WD-wake-lock-20150212
      type: W3C
      primary: true
    formattedref:
      content: W3C WD-wake-lock-20150212
      format: text/plain
- type: hasEdition
  bibitem:
    id: W3CWD-wake-lock-20150904
    link:
    - content: http://www.w3.org/TR/2015/WD-wake-lock-20150904/
      type: src
    docid:
    - id: W3C WD-wake-lock-20150904
      type: W3C
      primary: true
    formattedref:
      content: W3C WD-wake-lock-20150904
      format: text/plain
- type: hasEdition
  bibitem:
    id: W3CWD-wake-lock-20160129
    link:
    - content: http://www.w3.org/TR/2016/WD-wake-lock-20160129/
      type: src
    docid:
    - id: W3C WD-wake-lock-20160129
      type: W3C
      primary: true
    formattedref:
      content: W3C WD-wake-lock-20160129
      format: text/plain
- type: hasEdition
  bibitem:
    id: W3CWD-wake-lock-20160316
    link:
    - content: http://www.w3.org/TR/2016/WD-wake-lock-20160316/
      type: src
    docid:
    - id: W3C WD-wake-lock-20160316
      type: W3C
      primary: true
    formattedref:
      content: W3C WD-wake-lock-20160316
      format: text/plain
- type: hasEdition
  bibitem:
    id: W3CWD-wake-lock-20160603
    link:
    - content: http://www.w3.org/TR/2016/WD-wake-lock-20160603/
      type: src
    docid:
    - id: W3C WD-wake-lock-20160603
      type: W3C
      primary: true
    formattedref:
      content: W3C WD-wake-lock-20160603
      format: text/plain
- type: hasEdition
  bibitem:
    id: W3CWD-wake-lock-20160617
    link:
    - content: http://www.w3.org/TR/2016/WD-wake-lock-20160617/
      type: src
    docid:
    - id: W3C WD-wake-lock-20160617
      type: W3C
      primary: true
    formattedref:
      content: W3C WD-wake-lock-20160617
      format: text/plain
- type: instanceOf
  bibitem:
    id: W3CWD-wake-lock-20160620
    link:
    - content: http://www.w3.org/TR/2016/WD-wake-lock-20160620/
      type: src
    docid:
    - id: W3C WD-wake-lock-20160620
      type: W3C
      primary: true
    formattedref:
      content: W3C WD-wake-lock-20160620
      format: text/plain
series:
- title:
    content: W3C WD
    format: text/plain
  number: wake-lock
ext:
  schema-version: v1.0.0
  doctype:
    type: technicalReport
